
Microsoft Visual Studio Solution File, Format Version 10.00
# Visual Studio 2008
Project("{FAE04EC0-301F-11D3-BF4B-00C04F79EFBC}") = "AjTwitter", "AjTwitter\AjTwitter.csproj", "{8B6DCC18-7701-4746-8485-15E468C68D75}"
EndProject
Project("{FAE04EC0-301F-11D3-BF4B-00C04F79EFBC}") = "AjTwitter.Tests", "AjTwitter.Tests\AjTwitter.Tests.csproj", "{05B0C00C-4205-46B2-A376-5A606717F091}"
EndProject
Project("{2150E333-8FDC-42A3-9474-1A3956D46DE8}") = "Solution Items", "Solution Items", "{891E9A0F-A3F0-4E24-BA17-4B7BFAEB4268}"
	ProjectSection(SolutionItems) = preProject
		AjTwitter.vsmdi = AjTwitter.vsmdi
		LocalTestRun.testrunconfig = LocalTestRun.testrunconfig
	EndProjectSection
EndProject
Global
	GlobalSection(TestCaseManagementSettings) = postSolution
		CategoryFile = AjTwitter.vsmdi
	EndGlobalSection
	GlobalSection(SolutionConfigurationPlatforms) = preSolution
		Debug|Any CPU = Debug|Any CPU
		Release|Any CPU = Release|Any CPU
	EndGlobalSection
	GlobalSection(ProjectConfigurationPlatforms) = postSolution
		{8B6DCC18-7701-4746-8485-15E468C68D75}.Debug|Any CPU.ActiveCfg = Debug|Any CPU
		{8B6DCC18-7701-4746-8485-15E468C68D75}.Debug|Any CPU.Build.0 = Debug|Any CPU
		{8B6DCC18-7701-4746-8485-15E468C68D75}.Release|Any CPU.ActiveCfg = Release|Any CPU
		{8B6DCC18-7701-4746-8485-15E468C68D75}.Release|Any CPU.Build.0 = Release|Any CPU
		{05B0C00C-4205-46B2-A376-5A606717F091}.Debug|Any CPU.ActiveCfg = Debug|Any CPU
		{05B0C00C-4205-46B2-A376-5A606717F091}.Debug|Any CPU.Build.0 = Debug|Any CPU
		{05B0C00C-4205-46B2-A376-5A606717F091}.Release|Any CPU.ActiveCfg = Release|Any CPU
		{05B0C00C-4205-46B2-A376-5A606717F091}.Release|Any CPU.Build.0 = Release|Any CPU
	EndGlobalSection
	GlobalSection(SolutionProperties) = preSolution
		HideSolutionNode = FALSE
	EndGlobalSection
EndGlobal
