
Microsoft Visual Studio Solution File, Format Version 10.00
# Visual Studio 2008
Project("{FAE04EC0-301F-11D3-BF4B-00C04F79EFBC}") = "AjSoda", "AjSoda\AjSoda.csproj", "{B8804EFF-4C8E-483F-8E31-AA5202B0B0D7}"
EndProject
Project("{FAE04EC0-301F-11D3-BF4B-00C04F79EFBC}") = "AjSoda.Tests", "AjSoda.Tests\AjSoda.Tests.csproj", "{04BFF745-CE30-4576-9D7E-45674F6BC09E}"
EndProject
Project("{2150E333-8FDC-42A3-9474-1A3956D46DE8}") = "Solution Items", "Solution Items", "{F28DBF70-DCCB-40C5-94F9-CDD8A4C9FA5F}"
	ProjectSection(SolutionItems) = preProject
		AjSoda.vsmdi = AjSoda.vsmdi
		LocalTestRun.testrunconfig = LocalTestRun.testrunconfig
	EndProjectSection
EndProject
Project("{FAE04EC0-301F-11D3-BF4B-00C04F79EFBC}") = "AjPepsi", "AjPepsi\AjPepsi.csproj", "{EF29CFA8-2B0C-40FC-9FC7-AC5549FA33EC}"
EndProject
Project("{FAE04EC0-301F-11D3-BF4B-00C04F79EFBC}") = "AjPepsi.Tests", "AjPepsi.Tests\AjPepsi.Tests.csproj", "{B7F5A4CF-3BBC-4B30-ABB8-84231CC094F7}"
EndProject
Global
	GlobalSection(TestCaseManagementSettings) = postSolution
		CategoryFile = AjSoda.vsmdi
	EndGlobalSection
	GlobalSection(SolutionConfigurationPlatforms) = preSolution
		Debug|Any CPU = Debug|Any CPU
		Release|Any CPU = Release|Any CPU
	EndGlobalSection
	GlobalSection(ProjectConfigurationPlatforms) = postSolution
		{B8804EFF-4C8E-483F-8E31-AA5202B0B0D7}.Debug|Any CPU.ActiveCfg = Debug|Any CPU
		{B8804EFF-4C8E-483F-8E31-AA5202B0B0D7}.Debug|Any CPU.Build.0 = Debug|Any CPU
		{B8804EFF-4C8E-483F-8E31-AA5202B0B0D7}.Release|Any CPU.ActiveCfg = Release|Any CPU
		{B8804EFF-4C8E-483F-8E31-AA5202B0B0D7}.Release|Any CPU.Build.0 = Release|Any CPU
		{04BFF745-CE30-4576-9D7E-45674F6BC09E}.Debug|Any CPU.ActiveCfg = Debug|Any CPU
		{04BFF745-CE30-4576-9D7E-45674F6BC09E}.Debug|Any CPU.Build.0 = Debug|Any CPU
		{04BFF745-CE30-4576-9D7E-45674F6BC09E}.Release|Any CPU.ActiveCfg = Release|Any CPU
		{04BFF745-CE30-4576-9D7E-45674F6BC09E}.Release|Any CPU.Build.0 = Release|Any CPU
		{EF29CFA8-2B0C-40FC-9FC7-AC5549FA33EC}.Debug|Any CPU.ActiveCfg = Debug|Any CPU
		{EF29CFA8-2B0C-40FC-9FC7-AC5549FA33EC}.Debug|Any CPU.Build.0 = Debug|Any CPU
		{EF29CFA8-2B0C-40FC-9FC7-AC5549FA33EC}.Release|Any CPU.ActiveCfg = Release|Any CPU
		{EF29CFA8-2B0C-40FC-9FC7-AC5549FA33EC}.Release|Any CPU.Build.0 = Release|Any CPU
		{B7F5A4CF-3BBC-4B30-ABB8-84231CC094F7}.Debug|Any CPU.ActiveCfg = Debug|Any CPU
		{B7F5A4CF-3BBC-4B30-ABB8-84231CC094F7}.Debug|Any CPU.Build.0 = Debug|Any CPU
		{B7F5A4CF-3BBC-4B30-ABB8-84231CC094F7}.Release|Any CPU.ActiveCfg = Release|Any CPU
		{B7F5A4CF-3BBC-4B30-ABB8-84231CC094F7}.Release|Any CPU.Build.0 = Release|Any CPU
	EndGlobalSection
	GlobalSection(SolutionProperties) = preSolution
		HideSolutionNode = FALSE
	EndGlobalSection
EndGlobal
