
Microsoft Visual Studio Solution File, Format Version 10.00
# Visual Studio 2008
Project("{FAE04EC0-301F-11D3-BF4B-00C04F79EFBC}") = "AjConcurr", "AjConcurr\AjConcurr.csproj", "{2E1675EE-B365-4DC8-BA3B-0243C84743A6}"
EndProject
Project("{FAE04EC0-301F-11D3-BF4B-00C04F79EFBC}") = "AjConcurr.Tests", "AjConcurr.Tests\AjConcurr.Tests.csproj", "{ED875878-96E0-44CF-9A3A-AED889807880}"
EndProject
Project("{2150E333-8FDC-42A3-9474-1A3956D46DE8}") = "Solution Items", "Solution Items", "{4501F668-93ED-43C5-8E35-4A306EAF6416}"
	ProjectSection(SolutionItems) = preProject
		AjConcurr.vsmdi = AjConcurr.vsmdi
		LocalTestRun.testrunconfig = LocalTestRun.testrunconfig
	EndProjectSection
EndProject
Project("{FAE04EC0-301F-11D3-BF4B-00C04F79EFBC}") = "AjConcurr.Primes", "AjConcurr.Primes\AjConcurr.Primes.csproj", "{8BB89571-4441-476A-A334-E086BFC62C89}"
EndProject
Global
	GlobalSection(TestCaseManagementSettings) = postSolution
		CategoryFile = AjConcurr.vsmdi
	EndGlobalSection
	GlobalSection(SolutionConfigurationPlatforms) = preSolution
		Debug|Any CPU = Debug|Any CPU
		Release|Any CPU = Release|Any CPU
	EndGlobalSection
	GlobalSection(ProjectConfigurationPlatforms) = postSolution
		{2E1675EE-B365-4DC8-BA3B-0243C84743A6}.Debug|Any CPU.ActiveCfg = Debug|Any CPU
		{2E1675EE-B365-4DC8-BA3B-0243C84743A6}.Debug|Any CPU.Build.0 = Debug|Any CPU
		{2E1675EE-B365-4DC8-BA3B-0243C84743A6}.Release|Any CPU.ActiveCfg = Release|Any CPU
		{2E1675EE-B365-4DC8-BA3B-0243C84743A6}.Release|Any CPU.Build.0 = Release|Any CPU
		{ED875878-96E0-44CF-9A3A-AED889807880}.Debug|Any CPU.ActiveCfg = Debug|Any CPU
		{ED875878-96E0-44CF-9A3A-AED889807880}.Debug|Any CPU.Build.0 = Debug|Any CPU
		{ED875878-96E0-44CF-9A3A-AED889807880}.Release|Any CPU.ActiveCfg = Release|Any CPU
		{ED875878-96E0-44CF-9A3A-AED889807880}.Release|Any CPU.Build.0 = Release|Any CPU
		{8BB89571-4441-476A-A334-E086BFC62C89}.Debug|Any CPU.ActiveCfg = Debug|Any CPU
		{8BB89571-4441-476A-A334-E086BFC62C89}.Debug|Any CPU.Build.0 = Debug|Any CPU
		{8BB89571-4441-476A-A334-E086BFC62C89}.Release|Any CPU.ActiveCfg = Release|Any CPU
		{8BB89571-4441-476A-A334-E086BFC62C89}.Release|Any CPU.Build.0 = Release|Any CPU
	EndGlobalSection
	GlobalSection(SolutionProperties) = preSolution
		HideSolutionNode = FALSE
	EndGlobalSection
EndGlobal
