
Microsoft Visual Studio Solution File, Format Version 10.00
# Visual Studio 2008
Project("{FAE04EC0-301F-11D3-BF4B-00C04F79EFBC}") = "Patterns", "Patterns\Patterns.csproj", "{DC95D436-A562-4555-9C26-F9E3BFD69C81}"
EndProject
Project("{FAE04EC0-301F-11D3-BF4B-00C04F79EFBC}") = "Patterns.Tests", "Patterns.Tests\Patterns.Tests.csproj", "{E1B8A444-4D7C-48C8-8550-B0D7837AF847}"
EndProject
Project("{2150E333-8FDC-42A3-9474-1A3956D46DE8}") = "Solution Items", "Solution Items", "{BB53844A-3265-4F96-85EA-6CC436D29DC4}"
	ProjectSection(SolutionItems) = preProject
		LocalTestRun.testrunconfig = LocalTestRun.testrunconfig
		Patterns.vsmdi = Patterns.vsmdi
	EndProjectSection
EndProject
Global
	GlobalSection(TestCaseManagementSettings) = postSolution
		CategoryFile = Patterns.vsmdi
	EndGlobalSection
	GlobalSection(SolutionConfigurationPlatforms) = preSolution
		Debug|Any CPU = Debug|Any CPU
		Release|Any CPU = Release|Any CPU
	EndGlobalSection
	GlobalSection(ProjectConfigurationPlatforms) = postSolution
		{DC95D436-A562-4555-9C26-F9E3BFD69C81}.Debug|Any CPU.ActiveCfg = Debug|Any CPU
		{DC95D436-A562-4555-9C26-F9E3BFD69C81}.Debug|Any CPU.Build.0 = Debug|Any CPU
		{DC95D436-A562-4555-9C26-F9E3BFD69C81}.Release|Any CPU.ActiveCfg = Release|Any CPU
		{DC95D436-A562-4555-9C26-F9E3BFD69C81}.Release|Any CPU.Build.0 = Release|Any CPU
		{E1B8A444-4D7C-48C8-8550-B0D7837AF847}.Debug|Any CPU.ActiveCfg = Debug|Any CPU
		{E1B8A444-4D7C-48C8-8550-B0D7837AF847}.Debug|Any CPU.Build.0 = Debug|Any CPU
		{E1B8A444-4D7C-48C8-8550-B0D7837AF847}.Release|Any CPU.ActiveCfg = Release|Any CPU
		{E1B8A444-4D7C-48C8-8550-B0D7837AF847}.Release|Any CPU.Build.0 = Release|Any CPU
	EndGlobalSection
	GlobalSection(SolutionProperties) = preSolution
		HideSolutionNode = FALSE
	EndGlobalSection
EndGlobal
