Microsoft Visual Studio Solution File, Format Version 10.00
# Visual Studio 2008
Project("{FAE04EC0-301F-11D3-BF4B-00C04F79EFBC}") = "AjAgents", "AjAgents\AjAgents.csproj", "{3FAF5741-0EEB-4459-A487-BB8C55063111}"
EndProject
Project("{FAE04EC0-301F-11D3-BF4B-00C04F79EFBC}") = "AjAgents.ConsoleTest01", "AjAgents.ConsoleTest01\AjAgents.ConsoleTest01.csproj", "{0DA0BFFF-92BC-44D2-9200-8138F66AC921}"
EndProject
Global
	GlobalSection(SolutionConfigurationPlatforms) = preSolution
		Debug|Any CPU = Debug|Any CPU
		Release|Any CPU = Release|Any CPU
	EndGlobalSection
	GlobalSection(ProjectConfigurationPlatforms) = postSolution
		{3FAF5741-0EEB-4459-A487-BB8C55063111}.Debug|Any CPU.ActiveCfg = Debug|Any CPU
		{3FAF5741-0EEB-4459-A487-BB8C55063111}.Debug|Any CPU.Build.0 = Debug|Any CPU
		{3FAF5741-0EEB-4459-A487-BB8C55063111}.Release|Any CPU.ActiveCfg = Release|Any CPU
		{3FAF5741-0EEB-4459-A487-BB8C55063111}.Release|Any CPU.Build.0 = Release|Any CPU
		{0DA0BFFF-92BC-44D2-9200-8138F66AC921}.Debug|Any CPU.ActiveCfg = Debug|Any CPU
		{0DA0BFFF-92BC-44D2-9200-8138F66AC921}.Debug|Any CPU.Build.0 = Debug|Any CPU
		{0DA0BFFF-92BC-44D2-9200-8138F66AC921}.Release|Any CPU.ActiveCfg = Release|Any CPU
		{0DA0BFFF-92BC-44D2-9200-8138F66AC921}.Release|Any CPU.Build.0 = Release|Any CPU
	EndGlobalSection
	GlobalSection(SolutionProperties) = preSolution
		HideSolutionNode = FALSE
	EndGlobalSection
EndGlobal
