
Microsoft Visual Studio Solution File, Format Version 10.00
# Visual Studio 2008
Project("{FAE04EC0-301F-11D3-BF4B-00C04F79EFBC}") = "Fractal", "Fractal\Fractal.csproj", "{9770F99D-C569-49DA-BCE4-F9BDF6CE186F}"
EndProject
Project("{FAE04EC0-301F-11D3-BF4B-00C04F79EFBC}") = "Fractal.GUI", "Fractal.GUI\Fractal.GUI.csproj", "{8F9696D8-87FD-43A4-A9F5-677018CCEE44}"
EndProject
Global
	GlobalSection(SolutionConfigurationPlatforms) = preSolution
		Debug|Any CPU = Debug|Any CPU
		Release|Any CPU = Release|Any CPU
	EndGlobalSection
	GlobalSection(ProjectConfigurationPlatforms) = postSolution
		{9770F99D-C569-49DA-BCE4-F9BDF6CE186F}.Debug|Any CPU.ActiveCfg = Debug|Any CPU
		{9770F99D-C569-49DA-BCE4-F9BDF6CE186F}.Debug|Any CPU.Build.0 = Debug|Any CPU
		{9770F99D-C569-49DA-BCE4-F9BDF6CE186F}.Release|Any CPU.ActiveCfg = Release|Any CPU
		{9770F99D-C569-49DA-BCE4-F9BDF6CE186F}.Release|Any CPU.Build.0 = Release|Any CPU
		{8F9696D8-87FD-43A4-A9F5-677018CCEE44}.Debug|Any CPU.ActiveCfg = Debug|Any CPU
		{8F9696D8-87FD-43A4-A9F5-677018CCEE44}.Debug|Any CPU.Build.0 = Debug|Any CPU
		{8F9696D8-87FD-43A4-A9F5-677018CCEE44}.Release|Any CPU.ActiveCfg = Release|Any CPU
		{8F9696D8-87FD-43A4-A9F5-677018CCEE44}.Release|Any CPU.Build.0 = Release|Any CPU
	EndGlobalSection
	GlobalSection(SolutionProperties) = preSolution
		HideSolutionNode = FALSE
	EndGlobalSection
EndGlobal
